# THIS IS AN AUTOGENERATED FILE. DO NOT EDIT THIS FILE DIRECTLY.
# yarn lockfile v1


zod@^4.1.12:
  version "4.1.12"
  resolved "https://registry.yarnpkg.com/zod/-/zod-4.1.12.tgz#64f1ea53d00eab91853195653b5af9eee68970f0"
  integrity sha512-JInaHOamG8pt5+Ey8kGmdcAcg3OL9reK8ltczgHTAwNhMys/6ThXHityHxVV2p3fkw/c+MAvBHFVYHFZDmjMCQ==
